
Microsoft Visual Studio Solution File, Format Version 12.00
# Visual Studio Version 16
VisualStudioVersion = 16.0.30011.22
MinimumVisualStudioVersion = 10.0.40219.1
Project("{FAE04EC0-301F-11D3-BF4B-00C04F79EFBC}") = "Medix", "Medix\Medix.csproj", "{143BE7DA-EB37-4B8C-A670-3465177D6F7F}"
EndProject
Global
	GlobalSection(SolutionConfigurationPlatforms) = preSolution
		Debug|Any CPU = Debug|Any CPU
		Release|Any CPU = Release|Any CPU
	EndGlobalSection
	GlobalSection(ProjectConfigurationPlatforms) = postSolution
		{143BE7DA-EB37-4B8C-A670-3465177D6F7F}.Debug|Any CPU.ActiveCfg = Debug|Any CPU
		{143BE7DA-EB37-4B8C-A670-3465177D6F7F}.Debug|Any CPU.Build.0 = Debug|Any CPU
		{143BE7DA-EB37-4B8C-A670-3465177D6F7F}.Release|Any CPU.ActiveCfg = Release|Any CPU
		{143BE7DA-EB37-4B8C-A670-3465177D6F7F}.Release|Any CPU.Build.0 = Release|Any CPU
	EndGlobalSection
	GlobalSection(SolutionProperties) = preSolution
		HideSolutionNode = FALSE
	EndGlobalSection
	GlobalSection(ExtensibilityGlobals) = postSolution
		SolutionGuid = {7DED6E7A-E397-4431-8A7A-54951A6368CD}
	EndGlobalSection
EndGlobal
